// !$*UTF8*$!
{
	archiveVersion = 1;
	classes = {
	};
	objectVersion = 56;
	objects = {

/* Begin PBXBuildFile section */
		862F86212BE9199B009B7F3B /* AppDelegate.swift in Sources */ = {isa = PBXBuildFile; fileRef = 862F86202BE9199B009B7F3B /* AppDelegate.swift */; };
		862F86232BE9199B009B7F3B /* SceneDelegate.swift in Sources */ = {isa = PBXBuildFile; fileRef = 862F86222BE9199B009B7F3B /* SceneDelegate.swift */; };
		862F862A2BE9199C009B7F3B /* Assets.xcassets in Resources */ = {isa = PBXBuildFile; fileRef = 862F86292BE9199C009B7F3B /* Assets.xcassets */; };
		862F862D2BE9199C009B7F3B /* Base in Resources */ = {isa = PBXBuildFile; fileRef = 862F862C2BE9199C009B7F3B /* Base */; };
		862F86412BE91AD1009B7F3B /* HomeViewController.swift in Sources */ = {isa = PBXBuildFile; fileRef = 862F863E2BE91AD1009B7F3B /* HomeViewController.swift */; };
		862F86462BE91D39009B7F3B /* APIManager.swift in Sources */ = {isa = PBXBuildFile; fileRef = 862F86452BE91D39009B7F3B /* APIManager.swift */; };
		862F86492BE91F6D009B7F3B /* NetworkConstant.swift in Sources */ = {isa = PBXBuildFile; fileRef = 862F86482BE91F6D009B7F3B /* NetworkConstant.swift */; };
		862F864C2BE92295009B7F3B /* GenreModel.swift in Sources */ = {isa = PBXBuildFile; fileRef = 862F864B2BE92295009B7F3B /* GenreModel.swift */; };
		862F864E2BE9238C009B7F3B /* MovieModel.swift in Sources */ = {isa = PBXBuildFile; fileRef = 862F864D2BE9238C009B7F3B /* MovieModel.swift */; };
		862F86512BE92B39009B7F3B /* MovieViewModel.swift in Sources */ = {isa = PBXBuildFile; fileRef = 862F86502BE92B39009B7F3B /* MovieViewModel.swift */; };
		862F865C2BE94B00009B7F3B /* MovieListCollectionViewCell.swift in Sources */ = {isa = PBXBuildFile; fileRef = 862F865B2BE94B00009B7F3B /* MovieListCollectionViewCell.swift */; };
		862F865E2BE95348009B7F3B /* MovieListTableViewCell.swift in Sources */ = {isa = PBXBuildFile; fileRef = 862F865D2BE95348009B7F3B /* MovieListTableViewCell.swift */; };
		862F86612BE97498009B7F3B /* PosterTableViewCell.swift in Sources */ = {isa = PBXBuildFile; fileRef = 862F86602BE97498009B7F3B /* PosterTableViewCell.swift */; };
		862F86632BE9753B009B7F3B /* PosterCollectionViewCell.swift in Sources */ = {isa = PBXBuildFile; fileRef = 862F86622BE9753B009B7F3B /* PosterCollectionViewCell.swift */; };
		862F86662BE982A4009B7F3B /* UIIamageView+Extension.swift in Sources */ = {isa = PBXBuildFile; fileRef = 862F86652BE982A4009B7F3B /* UIIamageView+Extension.swift */; };
		86BAA8152BEA260E00099EAD /* NetworkManager.swift in Sources */ = {isa = PBXBuildFile; fileRef = 86BAA8142BEA260E00099EAD /* NetworkManager.swift */; };
		86BAA8182BEA27AE00099EAD /* Alamofire in Frameworks */ = {isa = PBXBuildFile; productRef = 86BAA8172BEA27AE00099EAD /* Alamofire */; };
		86BAA81A2BEA2BEE00099EAD /* UIViewcontroller+Extension.swift in Sources */ = {isa = PBXBuildFile; fileRef = 86BAA8192BEA2BEE00099EAD /* UIViewcontroller+Extension.swift */; };
/* End PBXBuildFile section */

/* Begin PBXFileReference section */
		862F861D2BE9199B009B7F3B /* MOVIE.app */ = {isa = PBXFileReference; explicitFileType = wrapper.application; includeInIndex = 0; path = MOVIE.app; sourceTree = BUILT_PRODUCTS_DIR; };
		862F86202BE9199B009B7F3B /* AppDelegate.swift */ = {isa = PBXFileReference; lastKnownFileType = sourcecode.swift; path = AppDelegate.swift; sourceTree = "<group>"; };
		862F86222BE9199B009B7F3B /* SceneDelegate.swift */ = {isa = PBXFileReference; lastKnownFileType = sourcecode.swift; path = SceneDelegate.swift; sourceTree = "<group>"; };
		862F86292BE9199C009B7F3B /* Assets.xcassets */ = {isa = PBXFileReference; lastKnownFileType = folder.assetcatalog; path = Assets.xcassets; sourceTree = "<group>"; };
		862F862C2BE9199C009B7F3B /* Base */ = {isa = PBXFileReference; lastKnownFileType = file.storyboard; name = Base; path = Base.lproj/LaunchScreen.storyboard; sourceTree = "<group>"; };
		862F862E2BE9199C009B7F3B /* Info.plist */ = {isa = PBXFileReference; lastKnownFileType = text.plist.xml; path = Info.plist; sourceTree = "<group>"; };
		862F863E2BE91AD1009B7F3B /* HomeViewController.swift */ = {isa = PBXFileReference; lastKnownFileType = sourcecode.swift; path = HomeViewController.swift; sourceTree = "<group>"; };
		862F86452BE91D39009B7F3B /* APIManager.swift */ = {isa = PBXFileReference; lastKnownFileType = sourcecode.swift; path = APIManager.swift; sourceTree = "<group>"; };
		862F86482BE91F6D009B7F3B /* NetworkConstant.swift */ = {isa = PBXFileReference; lastKnownFileType = sourcecode.swift; path = NetworkConstant.swift; sourceTree = "<group>"; };
		862F864B2BE92295009B7F3B /* GenreModel.swift */ = {isa = PBXFileReference; lastKnownFileType = sourcecode.swift; path = GenreModel.swift; sourceTree = "<group>"; };
		862F864D2BE9238C009B7F3B /* MovieModel.swift */ = {isa = PBXFileReference; lastKnownFileType = sourcecode.swift; path = MovieModel.swift; sourceTree = "<group>"; };
		862F86502BE92B39009B7F3B /* MovieViewModel.swift */ = {isa = PBXFileReference; lastKnownFileType = sourcecode.swift; path = MovieViewModel.swift; sourceTree = "<group>"; };
		862F865B2BE94B00009B7F3B /* MovieListCollectionViewCell.swift */ = {isa = PBXFileReference; lastKnownFileType = sourcecode.swift; path = MovieListCollectionViewCell.swift; sourceTree = "<group>"; };
		862F865D2BE95348009B7F3B /* MovieListTableViewCell.swift */ = {isa = PBXFileReference; lastKnownFileType = sourcecode.swift; path = MovieListTableViewCell.swift; sourceTree = "<group>"; };
		862F86602BE97498009B7F3B /* PosterTableViewCell.swift */ = {isa = PBXFileReference; lastKnownFileType = sourcecode.swift; path = PosterTableViewCell.swift; sourceTree = "<group>"; };
		862F86622BE9753B009B7F3B /* PosterCollectionViewCell.swift */ = {isa = PBXFileReference; lastKnownFileType = sourcecode.swift; path = PosterCollectionViewCell.swift; sourceTree = "<group>"; };
		862F86652BE982A4009B7F3B /* UIIamageView+Extension.swift */ = {isa = PBXFileReference; lastKnownFileType = sourcecode.swift; path = "UIIamageView+Extension.swift"; sourceTree = "<group>"; };
		86BAA8142BEA260E00099EAD /* NetworkManager.swift */ = {isa = PBXFileReference; fileEncoding = 4; lastKnownFileType = sourcecode.swift; path = NetworkManager.swift; sourceTree = "<group>"; };
		86BAA8192BEA2BEE00099EAD /* UIViewcontroller+Extension.swift */ = {isa = PBXFileReference; fileEncoding = 4; lastKnownFileType = sourcecode.swift; path = "UIViewcontroller+Extension.swift"; sourceTree = "<group>"; };
/* End PBXFileReference section */

/* Begin PBXFrameworksBuildPhase section */
		862F861A2BE9199A009B7F3B /* Frameworks */ = {
			isa = PBXFrameworksBuildPhase;
			buildActionMask = 2147483647;
			files = (
				86BAA8182BEA27AE00099EAD /* Alamofire in Frameworks */,
			);
			runOnlyForDeploymentPostprocessing = 0;
		};
/* End PBXFrameworksBuildPhase section */

/* Begin PBXGroup section */
		862F86142BE9199A009B7F3B = {
			isa = PBXGroup;
			children = (
				862F861F2BE9199B009B7F3B /* MOVIE */,
				862F861E2BE9199B009B7F3B /* Products */,
			);
			sourceTree = "<group>";
		};
		862F861E2BE9199B009B7F3B /* Products */ = {
			isa = PBXGroup;
			children = (
				862F861D2BE9199B009B7F3B /* MOVIE.app */,
			);
			name = Products;
			sourceTree = "<group>";
		};
		862F861F2BE9199B009B7F3B /* MOVIE */ = {
			isa = PBXGroup;
			children = (
				862F86642BE9828F009B7F3B /* Extensions */,
				862F86442BE91D26009B7F3B /* Networking */,
				862F863C2BE91AAB009B7F3B /* Screens */,
				862F863A2BE91A49009B7F3B /* Resources */,
				862F86392BE91A3B009B7F3B /* Application */,
				862F862B2BE9199C009B7F3B /* LaunchScreen.storyboard */,
				862F862E2BE9199C009B7F3B /* Info.plist */,
			);
			path = MOVIE;
			sourceTree = "<group>";
		};
		862F86392BE91A3B009B7F3B /* Application */ = {
			isa = PBXGroup;
			children = (
				862F86202BE9199B009B7F3B /* AppDelegate.swift */,
				862F86222BE9199B009B7F3B /* SceneDelegate.swift */,
			);
			path = Application;
			sourceTree = "<group>";
		};
		862F863A2BE91A49009B7F3B /* Resources */ = {
			isa = PBXGroup;
			children = (
				862F86292BE9199C009B7F3B /* Assets.xcassets */,
			);
			path = Resources;
			sourceTree = "<group>";
		};
		862F863C2BE91AAB009B7F3B /* Screens */ = {
			isa = PBXGroup;
			children = (
				862F863D2BE91AB1009B7F3B /* Home */,
			);
			path = Screens;
			sourceTree = "<group>";
		};
		862F863D2BE91AB1009B7F3B /* Home */ = {
			isa = PBXGroup;
			children = (
				862F864F2BE92B23009B7F3B /* ViewModel */,
				862F864A2BE92275009B7F3B /* Model */,
				862F86422BE91ADD009B7F3B /* View */,
			);
			path = Home;
			sourceTree = "<group>";
		};
		862F86422BE91ADD009B7F3B /* View */ = {
			isa = PBXGroup;
			children = (
				862F865F2BE9747D009B7F3B /* PosterNIB */,
				862F86522BE9470B009B7F3B /* CategoryNIB */,
				862F863E2BE91AD1009B7F3B /* HomeViewController.swift */,
			);
			path = View;
			sourceTree = "<group>";
		};
		862F86442BE91D26009B7F3B /* Networking */ = {
			isa = PBXGroup;
			children = (
				86BAA8142BEA260E00099EAD /* NetworkManager.swift */,
				862F86452BE91D39009B7F3B /* APIManager.swift */,
				862F86482BE91F6D009B7F3B /* NetworkConstant.swift */,
			);
			path = Networking;
			sourceTree = "<group>";
		};
		862F864A2BE92275009B7F3B /* Model */ = {
			isa = PBXGroup;
			children = (
				862F864B2BE92295009B7F3B /* GenreModel.swift */,
				862F864D2BE9238C009B7F3B /* MovieModel.swift */,
			);
			path = Model;
			sourceTree = "<group>";
		};
		862F864F2BE92B23009B7F3B /* ViewModel */ = {
			isa = PBXGroup;
			children = (
				862F86502BE92B39009B7F3B /* MovieViewModel.swift */,
			);
			path = ViewModel;
			sourceTree = "<group>";
		};
		862F86522BE9470B009B7F3B /* CategoryNIB */ = {
			isa = PBXGroup;
			children = (
				862F865B2BE94B00009B7F3B /* MovieListCollectionViewCell.swift */,
				862F865D2BE95348009B7F3B /* MovieListTableViewCell.swift */,
			);
			path = CategoryNIB;
			sourceTree = "<group>";
		};
		862F865F2BE9747D009B7F3B /* PosterNIB */ = {
			isa = PBXGroup;
			children = (
				862F86602BE97498009B7F3B /* PosterTableViewCell.swift */,
				862F86622BE9753B009B7F3B /* PosterCollectionViewCell.swift */,
			);
			path = PosterNIB;
			sourceTree = "<group>";
		};
		862F86642BE9828F009B7F3B /* Extensions */ = {
			isa = PBXGroup;
			children = (
				862F86652BE982A4009B7F3B /* UIIamageView+Extension.swift */,
				86BAA8192BEA2BEE00099EAD /* UIViewcontroller+Extension.swift */,
			);
			path = Extensions;
			sourceTree = "<group>";
		};
/* End PBXGroup section */

/* Begin PBXNativeTarget section */
		862F861C2BE9199A009B7F3B /* MOVIE */ = {
			isa = PBXNativeTarget;
			buildConfigurationList = 862F86312BE9199C009B7F3B /* Build configuration list for PBXNativeTarget "MOVIE" */;
			buildPhases = (
				862F86192BE9199A009B7F3B /* Sources */,
				862F861A2BE9199A009B7F3B /* Frameworks */,
				862F861B2BE9199A009B7F3B /* Resources */,
			);
			buildRules = (
			);
			dependencies = (
			);
			name = MOVIE;
			packageProductDependencies = (
				86BAA8172BEA27AE00099EAD /* Alamofire */,
			);
			productName = MOVIE;
			productReference = 862F861D2BE9199B009B7F3B /* MOVIE.app */;
			productType = "com.apple.product-type.application";
		};
/* End PBXNativeTarget section */

/* Begin PBXProject section */
		862F86152BE9199A009B7F3B /* Project object */ = {
			isa = PBXProject;
			attributes = {
				BuildIndependentTargetsInParallel = 1;
				LastSwiftUpdateCheck = 1530;
				LastUpgradeCheck = 1530;
				TargetAttributes = {
					862F861C2BE9199A009B7F3B = {
						CreatedOnToolsVersion = 15.3;
					};
				};
			};
			buildConfigurationList = 862F86182BE9199A009B7F3B /* Build configuration list for PBXProject "MOVIE" */;
			compatibilityVersion = "Xcode 14.0";
			developmentRegion = en;
			hasScannedForEncodings = 0;
			knownRegions = (
				en,
				Base,
			);
			mainGroup = 862F86142BE9199A009B7F3B;
			packageReferences = (
				86BAA8162BEA27AE00099EAD /* XCRemoteSwiftPackageReference "Alamofire" */,
			);
			productRefGroup = 862F861E2BE9199B009B7F3B /* Products */;
			projectDirPath = "";
			projectRoot = "";
			targets = (
				862F861C2BE9199A009B7F3B /* MOVIE */,
			);
		};
/* End PBXProject section */

/* Begin PBXResourcesBuildPhase section */
		862F861B2BE9199A009B7F3B /* Resources */ = {
			isa = PBXResourcesBuildPhase;
			buildActionMask = 2147483647;
			files = (
				862F862A2BE9199C009B7F3B /* Assets.xcassets in Resources */,
				862F862D2BE9199C009B7F3B /* Base in Resources */,
			);
			runOnlyForDeploymentPostprocessing = 0;
		};
/* End PBXResourcesBuildPhase section */

/* Begin PBXSourcesBuildPhase section */
		862F86192BE9199A009B7F3B /* Sources */ = {
			isa = PBXSourcesBuildPhase;
			buildActionMask = 2147483647;
			files = (
				862F864E2BE9238C009B7F3B /* MovieModel.swift in Sources */,
				862F86662BE982A4009B7F3B /* UIIamageView+Extension.swift in Sources */,
				862F865C2BE94B00009B7F3B /* MovieListCollectionViewCell.swift in Sources */,
				862F86462BE91D39009B7F3B /* APIManager.swift in Sources */,
				862F86212BE9199B009B7F3B /* AppDelegate.swift in Sources */,
				862F86512BE92B39009B7F3B /* MovieViewModel.swift in Sources */,
				862F86612BE97498009B7F3B /* PosterTableViewCell.swift in Sources */,
				862F86232BE9199B009B7F3B /* SceneDelegate.swift in Sources */,
				862F864C2BE92295009B7F3B /* GenreModel.swift in Sources */,
				862F86492BE91F6D009B7F3B /* NetworkConstant.swift in Sources */,
				86BAA8152BEA260E00099EAD /* NetworkManager.swift in Sources */,
				862F86632BE9753B009B7F3B /* PosterCollectionViewCell.swift in Sources */,
				86BAA81A2BEA2BEE00099EAD /* UIViewcontroller+Extension.swift in Sources */,
				862F865E2BE95348009B7F3B /* MovieListTableViewCell.swift in Sources */,
				862F86412BE91AD1009B7F3B /* HomeViewController.swift in Sources */,
			);
			runOnlyForDeploymentPostprocessing = 0;
		};
/* End PBXSourcesBuildPhase section */

/* Begin PBXVariantGroup section */
		862F862B2BE9199C009B7F3B /* LaunchScreen.storyboard */ = {
			isa = PBXVariantGroup;
			children = (
				862F862C2BE9199C009B7F3B /* Base */,
			);
			name = LaunchScreen.storyboard;
			sourceTree = "<group>";
		};
/* End PBXVariantGroup section */

/* Begin XCBuildConfiguration section */
		862F862F2BE9199C009B7F3B /* Debug */ = {
			isa = XCBuildConfiguration;
			buildSettings = {
				ALWAYS_SEARCH_USER_PATHS = NO;
				ASSETCATALOG_COMPILER_GENERATE_SWIFT_ASSET_SYMBOL_EXTENSIONS = YES;
				CLANG_ANALYZER_NONNULL = YES;
				CLANG_ANALYZER_NUMBER_OBJECT_CONVERSION = YES_AGGRESSIVE;
				CLANG_CXX_LANGUAGE_STANDARD = "gnu++20";
				CLANG_ENABLE_MODULES = YES;
				CLANG_ENABLE_OBJC_ARC = YES;
				CLANG_ENABLE_OBJC_WEAK = YES;
				CLANG_WARN_BLOCK_CAPTURE_AUTORELEASING = YES;
				CLANG_WARN_BOOL_CONVERSION = YES;
				CLANG_WARN_COMMA = YES;
				CLANG_WARN_CONSTANT_CONVERSION = YES;
				CLANG_WARN_DEPRECATED_OBJC_IMPLEMENTATIONS = YES;
				CLANG_WARN_DIRECT_OBJC_ISA_USAGE = YES_ERROR;
				CLANG_WARN_DOCUMENTATION_COMMENTS = YES;
				CLANG_WARN_EMPTY_BODY = YES;
				CLANG_WARN_ENUM_CONVERSION = YES;
				CLANG_WARN_INFINITE_RECURSION = YES;
				CLANG_WARN_INT_CONVERSION = YES;
				CLANG_WARN_NON_LITERAL_NULL_CONVERSION = YES;
				CLANG_WARN_OBJC_IMPLICIT_RETAIN_SELF = YES;
				CLANG_WARN_OBJC_LITERAL_CONVERSION = YES;
				CLANG_WARN_OBJC_ROOT_CLASS = YES_ERROR;
				CLANG_WARN_QUOTED_INCLUDE_IN_FRAMEWORK_HEADER = YES;
				CLANG_WARN_RANGE_LOOP_ANALYSIS = YES;
				CLANG_WARN_STRICT_PROTOTYPES = YES;
				CLANG_WARN_SUSPICIOUS_MOVE = YES;
				CLANG_WARN_UNGUARDED_AVAILABILITY = YES_AGGRESSIVE;
				CLANG_WARN_UNREACHABLE_CODE = YES;
				CLANG_WARN__DUPLICATE_METHOD_MATCH = YES;
				COPY_PHASE_STRIP = NO;
				DEBUG_INFORMATION_FORMAT = dwarf;
				ENABLE_STRICT_OBJC_MSGSEND = YES;
				ENABLE_TESTABILITY = YES;
				ENABLE_USER_SCRIPT_SANDBOXING = YES;
				GCC_C_LANGUAGE_STANDARD = gnu17;
				GCC_DYNAMIC_NO_PIC = NO;
				GCC_NO_COMMON_BLOCKS = YES;
				GCC_OPTIMIZATION_LEVEL = 0;
				GCC_PREPROCESSOR_DEFINITIONS = (
					"DEBUG=1",
					"$(inherited)",
				);
				GCC_WARN_64_TO_32_BIT_CONVERSION = YES;
				GCC_WARN_ABOUT_RETURN_TYPE = YES_ERROR;
				GCC_WARN_UNDECLARED_SELECTOR = YES;
				GCC_WARN_UNINITIALIZED_AUTOS = YES_AGGRESSIVE;
				GCC_WARN_UNUSED_FUNCTION = YES;
				GCC_WARN_UNUSED_VARIABLE = YES;
				IPHONEOS_DEPLOYMENT_TARGET = 17.4;
				LOCALIZATION_PREFERS_STRING_CATALOGS = YES;
				MTL_ENABLE_DEBUG_INFO = INCLUDE_SOURCE;
				MTL_FAST_MATH = YES;
				ONLY_ACTIVE_ARCH = YES;
				SDKROOT = iphoneos;
				SWIFT_ACTIVE_COMPILATION_CONDITIONS = "DEBUG $(inherited)";
				SWIFT_OPTIMIZATION_LEVEL = "-Onone";
			};
			name = Debug;
		};
		862F86302BE9199C009B7F3B /* Release */ = {
			isa = XCBuildConfiguration;
			buildSettings = {
				ALWAYS_SEARCH_USER_PATHS = NO;
				ASSETCATALOG_COMPILER_GENERATE_SWIFT_ASSET_SYMBOL_EXTENSIONS = YES;
				CLANG_ANALYZER_NONNULL = YES;
				CLANG_ANALYZER_NUMBER_OBJECT_CONVERSION = YES_AGGRESSIVE;
				CLANG_CXX_LANGUAGE_STANDARD = "gnu++20";
				CLANG_ENABLE_MODULES = YES;
				CLANG_ENABLE_OBJC_ARC = YES;
				CLANG_ENABLE_OBJC_WEAK = YES;
				CLANG_WARN_BLOCK_CAPTURE_AUTORELEASING = YES;
				CLANG_WARN_BOOL_CONVERSION = YES;
				CLANG_WARN_COMMA = YES;
				CLANG_WARN_CONSTANT_CONVERSION = YES;
				CLANG_WARN_DEPRECATED_OBJC_IMPLEMENTATIONS = YES;
				CLANG_WARN_DIRECT_OBJC_ISA_USAGE = YES_ERROR;
				CLANG_WARN_DOCUMENTATION_COMMENTS = YES;
				CLANG_WARN_EMPTY_BODY = YES;
				CLANG_WARN_ENUM_CONVERSION = YES;
				CLANG_WARN_INFINITE_RECURSION = YES;
				CLANG_WARN_INT_CONVERSION = YES;
				CLANG_WARN_NON_LITERAL_NULL_CONVERSION = YES;
				CLANG_WARN_OBJC_IMPLICIT_RETAIN_SELF = YES;
				CLANG_WARN_OBJC_LITERAL_CONVERSION = YES;
				CLANG_WARN_OBJC_ROOT_CLASS = YES_ERROR;
				CLANG_WARN_QUOTED_INCLUDE_IN_FRAMEWORK_HEADER = YES;
				CLANG_WARN_RANGE_LOOP_ANALYSIS = YES;
				CLANG_WARN_STRICT_PROTOTYPES = YES;
				CLANG_WARN_SUSPICIOUS_MOVE = YES;
				CLANG_WARN_UNGUARDED_AVAILABILITY = YES_AGGRESSIVE;
				CLANG_WARN_UNREACHABLE_CODE = YES;
				CLANG_WARN__DUPLICATE_METHOD_MATCH = YES;
				COPY_PHASE_STRIP = NO;
				DEBUG_INFORMATION_FORMAT = "dwarf-with-dsym";
				ENABLE_NS_ASSERTIONS = NO;
				ENABLE_STRICT_OBJC_MSGSEND = YES;
				ENABLE_USER_SCRIPT_SANDBOXING = YES;
				GCC_C_LANGUAGE_STANDARD = gnu17;
				GCC_NO_COMMON_BLOCKS = YES;
				GCC_WARN_64_TO_32_BIT_CONVERSION = YES;
				GCC_WARN_ABOUT_RETURN_TYPE = YES_ERROR;
				GCC_WARN_UNDECLARED_SELECTOR = YES;
				GCC_WARN_UNINITIALIZED_AUTOS = YES_AGGRESSIVE;
				GCC_WARN_UNUSED_FUNCTION = YES;
				GCC_WARN_UNUSED_VARIABLE = YES;
				IPHONEOS_DEPLOYMENT_TARGET = 17.4;
				LOCALIZATION_PREFERS_STRING_CATALOGS = YES;
				MTL_ENABLE_DEBUG_INFO = NO;
				MTL_FAST_MATH = YES;
				SDKROOT = iphoneos;
				SWIFT_COMPILATION_MODE = wholemodule;
				VALIDATE_PRODUCT = YES;
			};
			name = Release;
		};
		862F86322BE9199C009B7F3B /* Debug */ = {
			isa = XCBuildConfiguration;
			buildSettings = {
				ASSETCATALOG_COMPILER_APPICON_NAME = AppIcon;
				ASSETCATALOG_COMPILER_GLOBAL_ACCENT_COLOR_NAME = AccentColor;
				CODE_SIGN_STYLE = Automatic;
				CURRENT_PROJECT_VERSION = 1;
				DEVELOPMENT_TEAM = G48HXH29LD;
				GENERATE_INFOPLIST_FILE = YES;
				INFOPLIST_FILE = MOVIE/Info.plist;
				INFOPLIST_KEY_UIApplicationSupportsIndirectInputEvents = YES;
				INFOPLIST_KEY_UILaunchStoryboardName = LaunchScreen;
				INFOPLIST_KEY_UISupportedInterfaceOrientations_iPad = "UIInterfaceOrientationPortrait UIInterfaceOrientationPortraitUpsideDown UIInterfaceOrientationLandscapeLeft UIInterfaceOrientationLandscapeRight";
				INFOPLIST_KEY_UISupportedInterfaceOrientations_iPhone = "UIInterfaceOrientationPortrait UIInterfaceOrientationLandscapeLeft UIInterfaceOrientationLandscapeRight";
				LD_RUNPATH_SEARCH_PATHS = (
					"$(inherited)",
					"@executable_path/Frameworks",
				);
				MARKETING_VERSION = 1.0;
				PRODUCT_BUNDLE_IDENTIFIER = com.mubin.MOVIE;
				PRODUCT_NAME = "$(TARGET_NAME)";
				SWIFT_EMIT_LOC_STRINGS = YES;
				SWIFT_VERSION = 5.0;
				TARGETED_DEVICE_FAMILY = "1,2";
			};
			name = Debug;
		};
		862F86332BE9199C009B7F3B /* Release */ = {
			isa = XCBuildConfiguration;
			buildSettings = {
				ASSETCATALOG_COMPILER_APPICON_NAME = AppIcon;
				ASSETCATALOG_COMPILER_GLOBAL_ACCENT_COLOR_NAME = AccentColor;
				CODE_SIGN_STYLE = Automatic;
				CURRENT_PROJECT_VERSION = 1;
				DEVELOPMENT_TEAM = G48HXH29LD;
				GENERATE_INFOPLIST_FILE = YES;
				INFOPLIST_FILE = MOVIE/Info.plist;
				INFOPLIST_KEY_UIApplicationSupportsIndirectInputEvents = YES;
				INFOPLIST_KEY_UILaunchStoryboardName = LaunchScreen;
				INFOPLIST_KEY_UISupportedInterfaceOrientations_iPad = "UIInterfaceOrientationPortrait UIInterfaceOrientationPortraitUpsideDown UIInterfaceOrientationLandscapeLeft UIInterfaceOrientationLandscapeRight";
				INFOPLIST_KEY_UISupportedInterfaceOrientations_iPhone = "UIInterfaceOrientationPortrait UIInterfaceOrientationLandscapeLeft UIInterfaceOrientationLandscapeRight";
				LD_RUNPATH_SEARCH_PATHS = (
					"$(inherited)",
					"@executable_path/Frameworks",
				);
				MARKETING_VERSION = 1.0;
				PRODUCT_BUNDLE_IDENTIFIER = com.mubin.MOVIE;
				PRODUCT_NAME = "$(TARGET_NAME)";
				SWIFT_EMIT_LOC_STRINGS = YES;
				SWIFT_VERSION = 5.0;
				TARGETED_DEVICE_FAMILY = "1,2";
			};
			name = Release;
		};
/* End XCBuildConfiguration section */

/* Begin XCConfigurationList section */
		862F86182BE9199A009B7F3B /* Build configuration list for PBXProject "MOVIE" */ = {
			isa = XCConfigurationList;
			buildConfigurations = (
				862F862F2BE9199C009B7F3B /* Debug */,
				862F86302BE9199C009B7F3B /* Release */,
			);
			defaultConfigurationIsVisible = 0;
			defaultConfigurationName = Release;
		};
		862F86312BE9199C009B7F3B /* Build configuration list for PBXNativeTarget "MOVIE" */ = {
			isa = XCConfigurationList;
			buildConfigurations = (
				862F86322BE9199C009B7F3B /* Debug */,
				862F86332BE9199C009B7F3B /* Release */,
			);
			defaultConfigurationIsVisible = 0;
			defaultConfigurationName = Release;
		};
/* End XCConfigurationList section */

/* Begin XCRemoteSwiftPackageReference section */
		86BAA8162BEA27AE00099EAD /* XCRemoteSwiftPackageReference "Alamofire" */ = {
			isa = XCRemoteSwiftPackageReference;
			repositoryURL = "https://github.com/Alamofire/Alamofire.git";
			requirement = {
				kind = upToNextMajorVersion;
				minimumVersion = 5.9.1;
			};
		};
/* End XCRemoteSwiftPackageReference section */

/* Begin XCSwiftPackageProductDependency section */
		86BAA8172BEA27AE00099EAD /* Alamofire */ = {
			isa = XCSwiftPackageProductDependency;
			package = 86BAA8162BEA27AE00099EAD /* XCRemoteSwiftPackageReference "Alamofire" */;
			productName = Alamofire;
		};
/* End XCSwiftPackageProductDependency section */
	};
	rootObject = 862F86152BE9199A009B7F3B /* Project object */;
}
